{
  "name": "discord-inv",
  "version": "2.0.0",
  "lockfileVersion": 2,
  "requires": true,
  "packages": {
    "": {
      "name": "discord-inv",
      "version": "2.0.0",
      "funding": [
        "https://github.com/scderox/discord-inv?sponsor=1",
        "https://paypal.me/therealscderox",
        "https://bunq.me/scderox"
      ],
      "license": "GPL-3.0-or-later",
      "dependencies": {
        "centra": "2.5.0",
        "discord-api-types": "^0.37.11"
      },
      "devDependencies": {
        "@types/centra": "2.2.0"
      }
    },
    "node_modules/@types/centra": {
      "version": "2.2.0",
      "resolved": "https://registry.npmjs.org/@types/centra/-/centra-2.2.0.tgz",
      "integrity": "sha512-TUpM1QoIgXa2VL1LnWbTgde39+rRnsOtvb0v8ZrX8t51g8K1Wwu4HAEXcBg5a56GV5Vm/KazyE5+g4AW8YbKNg==",
      "dev": true,
      "dependencies": {
        "@types/node": "*"
      }
    },
    "node_modules/@types/node": {
      "version": "18.7.23",
      "resolved": "https://registry.npmjs.org/@types/node/-/node-18.7.23.tgz",
      "integrity": "sha512-DWNcCHolDq0ZKGizjx2DZjR/PqsYwAcYUJmfMWqtVU2MBMG5Mo+xFZrhGId5r/O5HOuMPyQEcM6KUBp5lBZZBg==",
      "dev": true
    },
    "node_modules/centra": {
      "version": "2.5.0",
      "resolved": "https://registry.npmjs.org/centra/-/centra-2.5.0.tgz",
      "integrity": "sha512-CnSF1HD8vOOgNbE4P2fZEhdhfAohvpcF3DSdSvEcSHDAZvr+Xfw73isT8SXJJc3VMBqSwjXhr29/ikHUgFcypg=="
    },
    "node_modules/discord-api-types": {
      "version": "0.37.11",
      "resolved": "https://registry.npmjs.org/discord-api-types/-/discord-api-types-0.37.11.tgz",
      "integrity": "sha512-cUNXrCdD4hEj5iJ9SligTNur64rNnLX5s6CbvmatRpWKMZtrLTOlyLhuXmVbjfDXeXH7os8Qb71Wa7IEhC27Sw=="
    }
  },
  "dependencies": {
    "@types/centra": {
      "version": "2.2.0",
      "resolved": "https://registry.npmjs.org/@types/centra/-/centra-2.2.0.tgz",
      "integrity": "sha512-TUpM1QoIgXa2VL1LnWbTgde39+rRnsOtvb0v8ZrX8t51g8K1Wwu4HAEXcBg5a56GV5Vm/KazyE5+g4AW8YbKNg==",
      "dev": true,
      "requires": {
        "@types/node": "*"
      }
    },
    "@types/node": {
      "version": "18.7.23",
      "resolved": "https://registry.npmjs.org/@types/node/-/node-18.7.23.tgz",
      "integrity": "sha512-DWNcCHolDq0ZKGizjx2DZjR/PqsYwAcYUJmfMWqtVU2MBMG5Mo+xFZrhGId5r/O5HOuMPyQEcM6KUBp5lBZZBg==",
      "dev": true
    },
    "centra": {
      "version": "2.5.0",
      "resolved": "https://registry.npmjs.org/centra/-/centra-2.5.0.tgz",
      "integrity": "sha512-CnSF1HD8vOOgNbE4P2fZEhdhfAohvpcF3DSdSvEcSHDAZvr+Xfw73isT8SXJJc3VMBqSwjXhr29/ikHUgFcypg=="
    },
    "discord-api-types": {
      "version": "0.37.11",
      "resolved": "https://registry.npmjs.org/discord-api-types/-/discord-api-types-0.37.11.tgz",
      "integrity": "sha512-cUNXrCdD4hEj5iJ9SligTNur64rNnLX5s6CbvmatRpWKMZtrLTOlyLhuXmVbjfDXeXH7os8Qb71Wa7IEhC27Sw=="
    }
  }
}
