{
  "name": "discord-inv",
  "version": "1.0.0",
  "lockfileVersion": 1,
  "requires": true,
  "dependencies": {
    "@aero/centra": {
      "version": "1.0.6",
      "resolved": "https://registry.npmjs.org/@aero/centra/-/centra-1.0.6.tgz",
      "integrity": "sha512-e7sUh/VjugT8LsHb4/hcbmhaVVi9deWWPQnlMnU0RAnF8+iCdGdCcKvoHnDNl/ELykwjpbKpBYbWPx0yKZaDpw=="
    }
  }
}
